
Microsoft Visual Studio Solution File, Format Version 12.00
# Visual Studio Version 16
VisualStudioVersion = 16.0.30611.23
MinimumVisualStudioVersion = 10.0.40219.1
Project("{FAE04EC0-301F-11D3-BF4B-00C04F79EFBC}") = "freakingApi", "freakingApi\freakingApi.csproj", "{12F91849-98AF-4826-9448-2BB111969242}"
EndProject
Global
	GlobalSection(SolutionConfigurationPlatforms) = preSolution
		Debug|Any CPU = Debug|Any CPU
		Release|Any CPU = Release|Any CPU
	EndGlobalSection
	GlobalSection(ProjectConfigurationPlatforms) = postSolution
		{12F91849-98AF-4826-9448-2BB111969242}.Debug|Any CPU.ActiveCfg = Debug|Any CPU
		{12F91849-98AF-4826-9448-2BB111969242}.Debug|Any CPU.Build.0 = Debug|Any CPU
		{12F91849-98AF-4826-9448-2BB111969242}.Release|Any CPU.ActiveCfg = Release|Any CPU
		{12F91849-98AF-4826-9448-2BB111969242}.Release|Any CPU.Build.0 = Release|Any CPU
	EndGlobalSection
	GlobalSection(SolutionProperties) = preSolution
		HideSolutionNode = FALSE
	EndGlobalSection
	GlobalSection(ExtensibilityGlobals) = postSolution
		SolutionGuid = {1D3EE75E-65E8-4BBA-9470-F8221E988707}
	EndGlobalSection
EndGlobal
